// !$*UTF8*$!
{
	archiveVersion = 1;
	classes = {
	};
	objectVersion = 50;
	objects = {

/* Begin PBXBuildFile section */
		3D053DE6230361F500C7A7AA /* AppDelegate.swift in Sources */ = {isa = PBXBuildFile; fileRef = 3D053DE5230361F500C7A7AA /* AppDelegate.swift */; };
		3D053DE8230361F500C7A7AA /* ViewController.swift in Sources */ = {isa = PBXBuildFile; fileRef = 3D053DE7230361F500C7A7AA /* ViewController.swift */; };
		3D053DEB230361F500C7A7AA /* Main.storyboard in Resources */ = {isa = PBXBuildFile; fileRef = 3D053DE9230361F500C7A7AA /* Main.storyboard */; };
		3D053DED230361F500C7A7AA /* Assets.xcassets in Resources */ = {isa = PBXBuildFile; fileRef = 3D053DEC230361F500C7A7AA /* Assets.xcassets */; };
		3D053DF0230361F600C7A7AA /* LaunchScreen.storyboard in Resources */ = {isa = PBXBuildFile; fileRef = 3D053DEE230361F600C7A7AA /* LaunchScreen.storyboard */; };
		3D053DFB230361F600C7A7AA /* LoginTests.swift in Sources */ = {isa = PBXBuildFile; fileRef = 3D053DFA230361F600C7A7AA /* LoginTests.swift */; };
		3D053E06230361F600C7A7AA /* LoginUITests.swift in Sources */ = {isa = PBXBuildFile; fileRef = 3D053E05230361F600C7A7AA /* LoginUITests.swift */; };
/* End PBXBuildFile section */

/* Begin PBXContainerItemProxy section */
		3D053DF7230361F600C7A7AA /* PBXContainerItemProxy */ = {
			isa = PBXContainerItemProxy;
			containerPortal = 3D053DDA230361F500C7A7AA /* Project object */;
			proxyType = 1;
			remoteGlobalIDString = 3D053DE1230361F500C7A7AA;
			remoteInfo = Login;
		};
		3D053E02230361F600C7A7AA /* PBXContainerItemProxy */ = {
			isa = PBXContainerItemProxy;
			containerPortal = 3D053DDA230361F500C7A7AA /* Project object */;
			proxyType = 1;
			remoteGlobalIDString = 3D053DE1230361F500C7A7AA;
			remoteInfo = Login;
		};
/* End PBXContainerItemProxy section */

/* Begin PBXFileReference section */
		3D053DE2230361F500C7A7AA /* Login.app */ = {isa = PBXFileReference; explicitFileType = wrapper.application; includeInIndex = 0; path = Login.app; sourceTree = BUILT_PRODUCTS_DIR; };
		3D053DE5230361F500C7A7AA /* AppDelegate.swift */ = {isa = PBXFileReference; lastKnownFileType = sourcecode.swift; path = AppDelegate.swift; sourceTree = "<group>"; };
		3D053DE7230361F500C7A7AA /* ViewController.swift */ = {isa = PBXFileReference; lastKnownFileType = sourcecode.swift; path = ViewController.swift; sourceTree = "<group>"; };
		3D053DEA230361F500C7A7AA /* Base */ = {isa = PBXFileReference; lastKnownFileType = file.storyboard; name = Base; path = Base.lproj/Main.storyboard; sourceTree = "<group>"; };
		3D053DEC230361F500C7A7AA /* Assets.xcassets */ = {isa = PBXFileReference; lastKnownFileType = folder.assetcatalog; path = Assets.xcassets; sourceTree = "<group>"; };
		3D053DEF230361F600C7A7AA /* Base */ = {isa = PBXFileReference; lastKnownFileType = file.storyboard; name = Base; path = Base.lproj/LaunchScreen.storyboard; sourceTree = "<group>"; };
		3D053DF1230361F600C7A7AA /* Info.plist */ = {isa = PBXFileReference; lastKnownFileType = text.plist.xml; path = Info.plist; sourceTree = "<group>"; };
		3D053DF6230361F600C7A7AA /* LoginTests.xctest */ = {isa = PBXFileReference; explicitFileType = wrapper.cfbundle; includeInIndex = 0; path = LoginTests.xctest; sourceTree = BUILT_PRODUCTS_DIR; };
		3D053DFA230361F600C7A7AA /* LoginTests.swift */ = {isa = PBXFileReference; lastKnownFileType = sourcecode.swift; path = LoginTests.swift; sourceTree = "<group>"; };
		3D053DFC230361F600C7A7AA /* Info.plist */ = {isa = PBXFileReference; lastKnownFileType = text.plist.xml; path = Info.plist; sourceTree = "<group>"; };
		3D053E01230361F600C7A7AA /* LoginUITests.xctest */ = {isa = PBXFileReference; explicitFileType = wrapper.cfbundle; includeInIndex = 0; path = LoginUITests.xctest; sourceTree = BUILT_PRODUCTS_DIR; };
		3D053E05230361F600C7A7AA /* LoginUITests.swift */ = {isa = PBXFileReference; lastKnownFileType = sourcecode.swift; path = LoginUITests.swift; sourceTree = "<group>"; };
		3D053E07230361F600C7A7AA /* Info.plist */ = {isa = PBXFileReference; lastKnownFileType = text.plist.xml; path = Info.plist; sourceTree = "<group>"; };
/* End PBXFileReference section */

/* Begin PBXFrameworksBuildPhase section */
		3D053DDF230361F500C7A7AA /* Frameworks */ = {
			isa = PBXFrameworksBuildPhase;
			buildActionMask = 2147483647;
			files = (
			);
			runOnlyForDeploymentPostprocessing = 0;
		};
		3D053DF3230361F600C7A7AA /* Frameworks */ = {
			isa = PBXFrameworksBuildPhase;
			buildActionMask = 2147483647;
			files = (
			);
			runOnlyForDeploymentPostprocessing = 0;
		};
		3D053DFE230361F600C7A7AA /* Frameworks */ = {
			isa = PBXFrameworksBuildPhase;
			buildActionMask = 2147483647;
			files = (
			);
			runOnlyForDeploymentPostprocessing = 0;
		};
/* End PBXFrameworksBuildPhase section */

/* Begin PBXGroup section */
		3D053DD9230361F500C7A7AA = {
			isa = PBXGroup;
			children = (
				3D053DE4230361F500C7A7AA /* Login */,
				3D053DF9230361F600C7A7AA /* LoginTests */,
				3D053E04230361F600C7A7AA /* LoginUITests */,
				3D053DE3230361F500C7A7AA /* Products */,
			);
			sourceTree = "<group>";
		};
		3D053DE3230361F500C7A7AA /* Products */ = {
			isa = PBXGroup;
			children = (
				3D053DE2230361F500C7A7AA /* Login.app */,
				3D053DF6230361F600C7A7AA /* LoginTests.xctest */,
				3D053E01230361F600C7A7AA /* LoginUITests.xctest */,
			);
			name = Products;
			sourceTree = "<group>";
		};
		3D053DE4230361F500C7A7AA /* Login */ = {
			isa = PBXGroup;
			children = (
				3D053DE5230361F500C7A7AA /* AppDelegate.swift */,
				3D053DE7230361F500C7A7AA /* ViewController.swift */,
				3D053DE9230361F500C7A7AA /* Main.storyboard */,
				3D053DEC230361F500C7A7AA /* Assets.xcassets */,
				3D053DEE230361F600C7A7AA /* LaunchScreen.storyboard */,
				3D053DF1230361F600C7A7AA /* Info.plist */,
			);
			path = Login;
			sourceTree = "<group>";
		};
		3D053DF9230361F600C7A7AA /* LoginTests */ = {
			isa = PBXGroup;
			children = (
				3D053DFA230361F600C7A7AA /* LoginTests.swift */,
				3D053DFC230361F600C7A7AA /* Info.plist */,
			);
			path = LoginTests;
			sourceTree = "<group>";
		};
		3D053E04230361F600C7A7AA /* LoginUITests */ = {
			isa = PBXGroup;
			children = (
				3D053E05230361F600C7A7AA /* LoginUITests.swift */,
				3D053E07230361F600C7A7AA /* Info.plist */,
			);
			path = LoginUITests;
			sourceTree = "<group>";
		};
/* End PBXGroup section */

/* Begin PBXNativeTarget section */
		3D053DE1230361F500C7A7AA /* Login */ = {
			isa = PBXNativeTarget;
			buildConfigurationList = 3D053E0A230361F600C7A7AA /* Build configuration list for PBXNativeTarget "Login" */;
			buildPhases = (
				3D053DDE230361F500C7A7AA /* Sources */,
				3D053DDF230361F500C7A7AA /* Frameworks */,
				3D053DE0230361F500C7A7AA /* Resources */,
			);
			buildRules = (
			);
			dependencies = (
			);
			name = Login;
			productName = Login;
			productReference = 3D053DE2230361F500C7A7AA /* Login.app */;
			productType = "com.apple.product-type.application";
		};
		3D053DF5230361F600C7A7AA /* LoginTests */ = {
			isa = PBXNativeTarget;
			buildConfigurationList = 3D053E0D230361F600C7A7AA /* Build configuration list for PBXNativeTarget "LoginTests" */;
			buildPhases = (
				3D053DF2230361F600C7A7AA /* Sources */,
				3D053DF3230361F600C7A7AA /* Frameworks */,
				3D053DF4230361F600C7A7AA /* Resources */,
			);
			buildRules = (
			);
			dependencies = (
				3D053DF8230361F600C7A7AA /* PBXTargetDependency */,
			);
			name = LoginTests;
			productName = LoginTests;
			productReference = 3D053DF6230361F600C7A7AA /* LoginTests.xctest */;
			productType = "com.apple.product-type.bundle.unit-test";
		};
		3D053E00230361F600C7A7AA /* LoginUITests */ = {
			isa = PBXNativeTarget;
			buildConfigurationList = 3D053E10230361F600C7A7AA /* Build configuration list for PBXNativeTarget "LoginUITests" */;
			buildPhases = (
				3D053DFD230361F600C7A7AA /* Sources */,
				3D053DFE230361F600C7A7AA /* Frameworks */,
				3D053DFF230361F600C7A7AA /* Resources */,
			);
			buildRules = (
			);
			dependencies = (
				3D053E03230361F600C7A7AA /* PBXTargetDependency */,
			);
			name = LoginUITests;
			productName = LoginUITests;
			productReference = 3D053E01230361F600C7A7AA /* LoginUITests.xctest */;
			productType = "com.apple.product-type.bundle.ui-testing";
		};
/* End PBXNativeTarget section */

/* Begin PBXProject section */
		3D053DDA230361F500C7A7AA /* Project object */ = {
			isa = PBXProject;
			attributes = {
				LastSwiftUpdateCheck = 0940;
				LastUpgradeCheck = 0940;
				ORGANIZATIONNAME = Alumno;
				TargetAttributes = {
					3D053DE1230361F500C7A7AA = {
						CreatedOnToolsVersion = 9.4.1;
					};
					3D053DF5230361F600C7A7AA = {
						CreatedOnToolsVersion = 9.4.1;
						TestTargetID = 3D053DE1230361F500C7A7AA;
					};
					3D053E00230361F600C7A7AA = {
						CreatedOnToolsVersion = 9.4.1;
						TestTargetID = 3D053DE1230361F500C7A7AA;
					};
				};
			};
			buildConfigurationList = 3D053DDD230361F500C7A7AA /* Build configuration list for PBXProject "Login" */;
			compatibilityVersion = "Xcode 9.3";
			developmentRegion = en;
			hasScannedForEncodings = 0;
			knownRegions = (
				en,
				Base,
			);
			mainGroup = 3D053DD9230361F500C7A7AA;
			productRefGroup = 3D053DE3230361F500C7A7AA /* Products */;
			projectDirPath = "";
			projectRoot = "";
			targets = (
				3D053DE1230361F500C7A7AA /* Login */,
				3D053DF5230361F600C7A7AA /* LoginTests */,
				3D053E00230361F600C7A7AA /* LoginUITests */,
			);
		};
/* End PBXProject section */

/* Begin PBXResourcesBuildPhase section */
		3D053DE0230361F500C7A7AA /* Resources */ = {
			isa = PBXResourcesBuildPhase;
			buildActionMask = 2147483647;
			files = (
				3D053DF0230361F600C7A7AA /* LaunchScreen.storyboard in Resources */,
				3D053DED230361F500C7A7AA /* Assets.xcassets in Resources */,
				3D053DEB230361F500C7A7AA /* Main.storyboard in Resources */,
			);
			runOnlyForDeploymentPostprocessing = 0;
		};
		3D053DF4230361F600C7A7AA /* Resources */ = {
			isa = PBXResourcesBuildPhase;
			buildActionMask = 2147483647;
			files = (
			);
			runOnlyForDeploymentPostprocessing = 0;
		};
		3D053DFF230361F600C7A7AA /* Resources */ = {
			isa = PBXResourcesBuildPhase;
			buildActionMask = 2147483647;
			files = (
			);
			runOnlyForDeploymentPostprocessing = 0;
		};
/* End PBXResourcesBuildPhase section */

/* Begin PBXSourcesBuildPhase section */
		3D053DDE230361F500C7A7AA /* Sources */ = {
			isa = PBXSourcesBuildPhase;
			buildActionMask = 2147483647;
			files = (
				3D053DE8230361F500C7A7AA /* ViewController.swift in Sources */,
				3D053DE6230361F500C7A7AA /* AppDelegate.swift in Sources */,
			);
			runOnlyForDeploymentPostprocessing = 0;
		};
		3D053DF2230361F600C7A7AA /* Sources */ = {
			isa = PBXSourcesBuildPhase;
			buildActionMask = 2147483647;
			files = (
				3D053DFB230361F600C7A7AA /* LoginTests.swift in Sources */,
			);
			runOnlyForDeploymentPostprocessing = 0;
		};
		3D053DFD230361F600C7A7AA /* Sources */ = {
			isa = PBXSourcesBuildPhase;
			buildActionMask = 2147483647;
			files = (
				3D053E06230361F600C7A7AA /* LoginUITests.swift in Sources */,
			);
			runOnlyForDeploymentPostprocessing = 0;
		};
/* End PBXSourcesBuildPhase section */

/* Begin PBXTargetDependency section */
		3D053DF8230361F600C7A7AA /* PBXTargetDependency */ = {
			isa = PBXTargetDependency;
			target = 3D053DE1230361F500C7A7AA /* Login */;
			targetProxy = 3D053DF7230361F600C7A7AA /* PBXContainerItemProxy */;
		};
		3D053E03230361F600C7A7AA /* PBXTargetDependency */ = {
			isa = PBXTargetDependency;
			target = 3D053DE1230361F500C7A7AA /* Login */;
			targetProxy = 3D053E02230361F600C7A7AA /* PBXContainerItemProxy */;
		};
/* End PBXTargetDependency section */

/* Begin PBXVariantGroup section */
		3D053DE9230361F500C7A7AA /* Main.storyboard */ = {
			isa = PBXVariantGroup;
			children = (
				3D053DEA230361F500C7A7AA /* Base */,
			);
			name = Main.storyboard;
			sourceTree = "<group>";
		};
		3D053DEE230361F600C7A7AA /* LaunchScreen.storyboard */ = {
			isa = PBXVariantGroup;
			children = (
				3D053DEF230361F600C7A7AA /* Base */,
			);
			name = LaunchScreen.storyboard;
			sourceTree = "<group>";
		};
/* End PBXVariantGroup section */

/* Begin XCBuildConfiguration section */
		3D053E08230361F600C7A7AA /* Debug */ = {
			isa = XCBuildConfiguration;
			buildSettings = {
				ALWAYS_SEARCH_USER_PATHS = NO;
				CLANG_ANALYZER_NONNULL = YES;
				CLANG_ANALYZER_NUMBER_OBJECT_CONVERSION = YES_AGGRESSIVE;
				CLANG_CXX_LANGUAGE_STANDARD = "gnu++14";
				CLANG_CXX_LIBRARY = "libc++";
				CLANG_ENABLE_MODULES = YES;
				CLANG_ENABLE_OBJC_ARC = YES;
				CLANG_ENABLE_OBJC_WEAK = YES;
				CLANG_WARN_BLOCK_CAPTURE_AUTORELEASING = YES;
				CLANG_WARN_BOOL_CONVERSION = YES;
				CLANG_WARN_COMMA = YES;
				CLANG_WARN_CONSTANT_CONVERSION = YES;
				CLANG_WARN_DEPRECATED_OBJC_IMPLEMENTATIONS = YES;
				CLANG_WARN_DIRECT_OBJC_ISA_USAGE = YES_ERROR;
				CLANG_WARN_DOCUMENTATION_COMMENTS = YES;
				CLANG_WARN_EMPTY_BODY = YES;
				CLANG_WARN_ENUM_CONVERSION = YES;
				CLANG_WARN_INFINITE_RECURSION = YES;
				CLANG_WARN_INT_CONVERSION = YES;
				CLANG_WARN_NON_LITERAL_NULL_CONVERSION = YES;
				CLANG_WARN_OBJC_IMPLICIT_RETAIN_SELF = YES;
				CLANG_WARN_OBJC_LITERAL_CONVERSION = YES;
				CLANG_WARN_OBJC_ROOT_CLASS = YES_ERROR;
				CLANG_WARN_RANGE_LOOP_ANALYSIS = YES;
				CLANG_WARN_STRICT_PROTOTYPES = YES;
				CLANG_WARN_SUSPICIOUS_MOVE = YES;
				CLANG_WARN_UNGUARDED_AVAILABILITY = YES_AGGRESSIVE;
				CLANG_WARN_UNREACHABLE_CODE = YES;
				CLANG_WARN__DUPLICATE_METHOD_MATCH = YES;
				CODE_SIGN_IDENTITY = "iPhone Developer";
				COPY_PHASE_STRIP = NO;
				DEBUG_INFORMATION_FORMAT = dwarf;
				ENABLE_STRICT_OBJC_MSGSEND = YES;
				ENABLE_TESTABILITY = YES;
				GCC_C_LANGUAGE_STANDARD = gnu11;
				GCC_DYNAMIC_NO_PIC = NO;
				GCC_NO_COMMON_BLOCKS = YES;
				GCC_OPTIMIZATION_LEVEL = 0;
				GCC_PREPROCESSOR_DEFINITIONS = (
					"DEBUG=1",
					"$(inherited)",
				);
				GCC_WARN_64_TO_32_BIT_CONVERSION = YES;
				GCC_WARN_ABOUT_RETURN_TYPE = YES_ERROR;
				GCC_WARN_UNDECLARED_SELECTOR = YES;
				GCC_WARN_UNINITIALIZED_AUTOS = YES_AGGRESSIVE;
				GCC_WARN_UNUSED_FUNCTION = YES;
				GCC_WARN_UNUSED_VARIABLE = YES;
				IPHONEOS_DEPLOYMENT_TARGET = 11.4;
				MTL_ENABLE_DEBUG_INFO = YES;
				ONLY_ACTIVE_ARCH = YES;
				SDKROOT = iphoneos;
				SWIFT_ACTIVE_COMPILATION_CONDITIONS = DEBUG;
				SWIFT_OPTIMIZATION_LEVEL = "-Onone";
			};
			name = Debug;
		};
		3D053E09230361F600C7A7AA /* Release */ = {
			isa = XCBuildConfiguration;
			buildSettings = {
				ALWAYS_SEARCH_USER_PATHS = NO;
				CLANG_ANALYZER_NONNULL = YES;
				CLANG_ANALYZER_NUMBER_OBJECT_CONVERSION = YES_AGGRESSIVE;
				CLANG_CXX_LANGUAGE_STANDARD = "gnu++14";
				CLANG_CXX_LIBRARY = "libc++";
				CLANG_ENABLE_MODULES = YES;
				CLANG_ENABLE_OBJC_ARC = YES;
				CLANG_ENABLE_OBJC_WEAK = YES;
				CLANG_WARN_BLOCK_CAPTURE_AUTORELEASING = YES;
				CLANG_WARN_BOOL_CONVERSION = YES;
				CLANG_WARN_COMMA = YES;
				CLANG_WARN_CONSTANT_CONVERSION = YES;
				CLANG_WARN_DEPRECATED_OBJC_IMPLEMENTATIONS = YES;
				CLANG_WARN_DIRECT_OBJC_ISA_USAGE = YES_ERROR;
				CLANG_WARN_DOCUMENTATION_COMMENTS = YES;
				CLANG_WARN_EMPTY_BODY = YES;
				CLANG_WARN_ENUM_CONVERSION = YES;
				CLANG_WARN_INFINITE_RECURSION = YES;
				CLANG_WARN_INT_CONVERSION = YES;
				CLANG_WARN_NON_LITERAL_NULL_CONVERSION = YES;
				CLANG_WARN_OBJC_IMPLICIT_RETAIN_SELF = YES;
				CLANG_WARN_OBJC_LITERAL_CONVERSION = YES;
				CLANG_WARN_OBJC_ROOT_CLASS = YES_ERROR;
				CLANG_WARN_RANGE_LOOP_ANALYSIS = YES;
				CLANG_WARN_STRICT_PROTOTYPES = YES;
				CLANG_WARN_SUSPICIOUS_MOVE = YES;
				CLANG_WARN_UNGUARDED_AVAILABILITY = YES_AGGRESSIVE;
				CLANG_WARN_UNREACHABLE_CODE = YES;
				CLANG_WARN__DUPLICATE_METHOD_MATCH = YES;
				CODE_SIGN_IDENTITY = "iPhone Developer";
				COPY_PHASE_STRIP = NO;
				DEBUG_INFORMATION_FORMAT = "dwarf-with-dsym";
				ENABLE_NS_ASSERTIONS = NO;
				ENABLE_STRICT_OBJC_MSGSEND = YES;
				GCC_C_LANGUAGE_STANDARD = gnu11;
				GCC_NO_COMMON_BLOCKS = YES;
				GCC_WARN_64_TO_32_BIT_CONVERSION = YES;
				GCC_WARN_ABOUT_RETURN_TYPE = YES_ERROR;
				GCC_WARN_UNDECLARED_SELECTOR = YES;
				GCC_WARN_UNINITIALIZED_AUTOS = YES_AGGRESSIVE;
				GCC_WARN_UNUSED_FUNCTION = YES;
				GCC_WARN_UNUSED_VARIABLE = YES;
				IPHONEOS_DEPLOYMENT_TARGET = 11.4;
				MTL_ENABLE_DEBUG_INFO = NO;
				SDKROOT = iphoneos;
				SWIFT_COMPILATION_MODE = wholemodule;
				SWIFT_OPTIMIZATION_LEVEL = "-O";
				VALIDATE_PRODUCT = YES;
			};
			name = Release;
		};
		3D053E0B230361F600C7A7AA /* Debug */ = {
			isa = XCBuildConfiguration;
			buildSettings = {
				ASSETCATALOG_COMPILER_APPICON_NAME = AppIcon;
				CODE_SIGN_STYLE = Automatic;
				INFOPLIST_FILE = Login/Info.plist;
				LD_RUNPATH_SEARCH_PATHS = (
					"$(inherited)",
					"@executable_path/Frameworks",
				);
				PRODUCT_BUNDLE_IDENTIFIER = ulsa.edu.mx.Login;
				PRODUCT_NAME = "$(TARGET_NAME)";
				SWIFT_VERSION = 4.0;
				TARGETED_DEVICE_FAMILY = "1,2";
			};
			name = Debug;
		};
		3D053E0C230361F600C7A7AA /* Release */ = {
			isa = XCBuildConfiguration;
			buildSettings = {
				ASSETCATALOG_COMPILER_APPICON_NAME = AppIcon;
				CODE_SIGN_STYLE = Automatic;
				INFOPLIST_FILE = Login/Info.plist;
				LD_RUNPATH_SEARCH_PATHS = (
					"$(inherited)",
					"@executable_path/Frameworks",
				);
				PRODUCT_BUNDLE_IDENTIFIER = ulsa.edu.mx.Login;
				PRODUCT_NAME = "$(TARGET_NAME)";
				SWIFT_VERSION = 4.0;
				TARGETED_DEVICE_FAMILY = "1,2";
			};
			name = Release;
		};
		3D053E0E230361F600C7A7AA /* Debug */ = {
			isa = XCBuildConfiguration;
			buildSettings = {
				ALWAYS_EMBED_SWIFT_STANDARD_LIBRARIES = YES;
				BUNDLE_LOADER = "$(TEST_HOST)";
				CODE_SIGN_STYLE = Automatic;
				INFOPLIST_FILE = LoginTests/Info.plist;
				LD_RUNPATH_SEARCH_PATHS = (
					"$(inherited)",
					"@executable_path/Frameworks",
					"@loader_path/Frameworks",
				);
				PRODUCT_BUNDLE_IDENTIFIER = ulsa.edu.mx.LoginTests;
				PRODUCT_NAME = "$(TARGET_NAME)";
				SWIFT_VERSION = 4.0;
				TARGETED_DEVICE_FAMILY = "1,2";
				TEST_HOST = "$(BUILT_PRODUCTS_DIR)/Login.app/Login";
			};
			name = Debug;
		};
		3D053E0F230361F600C7A7AA /* Release */ = {
			isa = XCBuildConfiguration;
			buildSettings = {
				ALWAYS_EMBED_SWIFT_STANDARD_LIBRARIES = YES;
				BUNDLE_LOADER = "$(TEST_HOST)";
				CODE_SIGN_STYLE = Automatic;
				INFOPLIST_FILE = LoginTests/Info.plist;
				LD_RUNPATH_SEARCH_PATHS = (
					"$(inherited)",
					"@executable_path/Frameworks",
					"@loader_path/Frameworks",
				);
				PRODUCT_BUNDLE_IDENTIFIER = ulsa.edu.mx.LoginTests;
				PRODUCT_NAME = "$(TARGET_NAME)";
				SWIFT_VERSION = 4.0;
				TARGETED_DEVICE_FAMILY = "1,2";
				TEST_HOST = "$(BUILT_PRODUCTS_DIR)/Login.app/Login";
			};
			name = Release;
		};
		3D053E11230361F600C7A7AA /* Debug */ = {
			isa = XCBuildConfiguration;
			buildSettings = {
				ALWAYS_EMBED_SWIFT_STANDARD_LIBRARIES = YES;
				CODE_SIGN_STYLE = Automatic;
				INFOPLIST_FILE = LoginUITests/Info.plist;
				LD_RUNPATH_SEARCH_PATHS = (
					"$(inherited)",
					"@executable_path/Frameworks",
					"@loader_path/Frameworks",
				);
				PRODUCT_BUNDLE_IDENTIFIER = ulsa.edu.mx.LoginUITests;
				PRODUCT_NAME = "$(TARGET_NAME)";
				SWIFT_VERSION = 4.0;
				TARGETED_DEVICE_FAMILY = "1,2";
				TEST_TARGET_NAME = Login;
			};
			name = Debug;
		};
		3D053E12230361F600C7A7AA /* Release */ = {
			isa = XCBuildConfiguration;
			buildSettings = {
				ALWAYS_EMBED_SWIFT_STANDARD_LIBRARIES = YES;
				CODE_SIGN_STYLE = Automatic;
				INFOPLIST_FILE = LoginUITests/Info.plist;
				LD_RUNPATH_SEARCH_PATHS = (
					"$(inherited)",
					"@executable_path/Frameworks",
					"@loader_path/Frameworks",
				);
				PRODUCT_BUNDLE_IDENTIFIER = ulsa.edu.mx.LoginUITests;
				PRODUCT_NAME = "$(TARGET_NAME)";
				SWIFT_VERSION = 4.0;
				TARGETED_DEVICE_FAMILY = "1,2";
				TEST_TARGET_NAME = Login;
			};
			name = Release;
		};
/* End XCBuildConfiguration section */

/* Begin XCConfigurationList section */
		3D053DDD230361F500C7A7AA /* Build configuration list for PBXProject "Login" */ = {
			isa = XCConfigurationList;
			buildConfigurations = (
				3D053E08230361F600C7A7AA /* Debug */,
				3D053E09230361F600C7A7AA /* Release */,
			);
			defaultConfigurationIsVisible = 0;
			defaultConfigurationName = Release;
		};
		3D053E0A230361F600C7A7AA /* Build configuration list for PBXNativeTarget "Login" */ = {
			isa = XCConfigurationList;
			buildConfigurations = (
				3D053E0B230361F600C7A7AA /* Debug */,
				3D053E0C230361F600C7A7AA /* Release */,
			);
			defaultConfigurationIsVisible = 0;
			defaultConfigurationName = Release;
		};
		3D053E0D230361F600C7A7AA /* Build configuration list for PBXNativeTarget "LoginTests" */ = {
			isa = XCConfigurationList;
			buildConfigurations = (
				3D053E0E230361F600C7A7AA /* Debug */,
				3D053E0F230361F600C7A7AA /* Release */,
			);
			defaultConfigurationIsVisible = 0;
			defaultConfigurationName = Release;
		};
		3D053E10230361F600C7A7AA /* Build configuration list for PBXNativeTarget "LoginUITests" */ = {
			isa = XCConfigurationList;
			buildConfigurations = (
				3D053E11230361F600C7A7AA /* Debug */,
				3D053E12230361F600C7A7AA /* Release */,
			);
			defaultConfigurationIsVisible = 0;
			defaultConfigurationName = Release;
		};
/* End XCConfigurationList section */
	};
	rootObject = 3D053DDA230361F500C7A7AA /* Project object */;
}
